
Microsoft Visual Studio Solution File, Format Version 12.00
# Visual Studio Version 17
VisualStudioVersion = 17.4.33103.184
MinimumVisualStudioVersion = 10.0.40219.1
Project("{FAE04EC0-301F-11D3-BF4B-00C04F79EFBC}") = "lab1", "lab1\lab1.csproj", "{B1E2282F-5A41-47EC-ABFC-44A66EBB6F60}"
EndProject
Global
	GlobalSection(SolutionConfigurationPlatforms) = preSolution
		Debug|Any CPU = Debug|Any CPU
		Release|Any CPU = Release|Any CPU
	EndGlobalSection
	GlobalSection(ProjectConfigurationPlatforms) = postSolution
		{B1E2282F-5A41-47EC-ABFC-44A66EBB6F60}.Debug|Any CPU.ActiveCfg = Debug|Any CPU
		{B1E2282F-5A41-47EC-ABFC-44A66EBB6F60}.Debug|Any CPU.Build.0 = Debug|Any CPU
		{B1E2282F-5A41-47EC-ABFC-44A66EBB6F60}.Release|Any CPU.ActiveCfg = Release|Any CPU
		{B1E2282F-5A41-47EC-ABFC-44A66EBB6F60}.Release|Any CPU.Build.0 = Release|Any CPU
	EndGlobalSection
	GlobalSection(SolutionProperties) = preSolution
		HideSolutionNode = FALSE
	EndGlobalSection
	GlobalSection(ExtensibilityGlobals) = postSolution
		SolutionGuid = {48C7C06A-1E7E-4B9E-A4B3-E66F36292C9D}
	EndGlobalSection
EndGlobal
